// !$*UTF8*$!
{
	archiveVersion = 1;
	classes = {
	};
	objectVersion = 46;
	objects = {

/* Begin PBXBuildFile section */
		607FACD61AFB9204008FA782 /* AppDelegate.swift in Sources */ = {isa = PBXBuildFile; fileRef = 607FACD51AFB9204008FA782 /* AppDelegate.swift */; };
		607FACD81AFB9204008FA782 /* ViewController.swift in Sources */ = {isa = PBXBuildFile; fileRef = 607FACD71AFB9204008FA782 /* ViewController.swift */; };
		607FACDB1AFB9204008FA782 /* Main.storyboard in Resources */ = {isa = PBXBuildFile; fileRef = 607FACD91AFB9204008FA782 /* Main.storyboard */; };
		607FACDD1AFB9204008FA782 /* Images.xcassets in Resources */ = {isa = PBXBuildFile; fileRef = 607FACDC1AFB9204008FA782 /* Images.xcassets */; };
		607FACE01AFB9204008FA782 /* LaunchScreen.xib in Resources */ = {isa = PBXBuildFile; fileRef = 607FACDE1AFB9204008FA782 /* LaunchScreen.xib */; };
		86E9852AF0528AF6078F040B /* Pods_DataStoreKit_Example.framework in Frameworks */ = {isa = PBXBuildFile; fileRef = 750DAFB5559CBE95671DB3E1 /* Pods_DataStoreKit_Example.framework */; settings = {ATTRIBUTES = (Weak, ); }; };
		D534D8571BECAFAF005E3C71 /* UserDefaultStoreTests.swift in Sources */ = {isa = PBXBuildFile; fileRef = D534D8561BECAFAF005E3C71 /* UserDefaultStoreTests.swift */; };
		D59FD6F71BA2D4C20074B6BB /* CacheEntry.swift in Sources */ = {isa = PBXBuildFile; fileRef = D59FD6EE1BA2D4C20074B6BB /* CacheEntry.swift */; };
		D59FD6FA1BA2D4C20074B6BB /* Message.swift in Sources */ = {isa = PBXBuildFile; fileRef = D59FD6F11BA2D4C20074B6BB /* Message.swift */; };
		D59FD6FE1BA2D4C20074B6BB /* TestSample.xcdatamodeld in Sources */ = {isa = PBXBuildFile; fileRef = D59FD6F51BA2D4C20074B6BB /* TestSample.xcdatamodeld */; };
		D59FD6FF1BA2D4F00074B6BB /* CacheEntry.swift in Sources */ = {isa = PBXBuildFile; fileRef = D59FD6EE1BA2D4C20074B6BB /* CacheEntry.swift */; };
		D59FD7001BA2D4F40074B6BB /* CoreDataStoreTests.swift in Sources */ = {isa = PBXBuildFile; fileRef = D59FD6EF1BA2D4C20074B6BB /* CoreDataStoreTests.swift */; };
		D59FD7011BA2D4F70074B6BB /* DataStoreKitTests.swift in Sources */ = {isa = PBXBuildFile; fileRef = D59FD6F01BA2D4C20074B6BB /* DataStoreKitTests.swift */; };
		D59FD7021BA2D4F90074B6BB /* Message.swift in Sources */ = {isa = PBXBuildFile; fileRef = D59FD6F11BA2D4C20074B6BB /* Message.swift */; };
		D59FD7041BA2D4FF0074B6BB /* TestRestify.swift in Sources */ = {isa = PBXBuildFile; fileRef = D59FD6F31BA2D4C20074B6BB /* TestRestify.swift */; };
		D59FD7051BA2D5020074B6BB /* TestSample.xcdatamodeld in Sources */ = {isa = PBXBuildFile; fileRef = D59FD6F51BA2D4C20074B6BB /* TestSample.xcdatamodeld */; };
		D59FD7061BA2D6070074B6BB /* TestSample.xcdatamodeld in Resources */ = {isa = PBXBuildFile; fileRef = D59FD6F51BA2D4C20074B6BB /* TestSample.xcdatamodeld */; };
		D59FD7081BA2D6450074B6BB /* CoreData.framework in Frameworks */ = {isa = PBXBuildFile; fileRef = D59FD7071BA2D6450074B6BB /* CoreData.framework */; };
		D5B8C5B41BFDACA7000A48BB /* FileModelTests.swift in Sources */ = {isa = PBXBuildFile; fileRef = D5B8C5B31BFDACA7000A48BB /* FileModelTests.swift */; };
		D5B8C5B81BFDAE17000A48BB /* animals.plist in Resources */ = {isa = PBXBuildFile; fileRef = D5B8C5B71BFDAE17000A48BB /* animals.plist */; };
		D5B8C5B91BFDAE1E000A48BB /* animals.json in Resources */ = {isa = PBXBuildFile; fileRef = D5B8C5B51BFDACC9000A48BB /* animals.json */; };
		D5B8C5BB1BFDAF17000A48BB /* animals.json in Resources */ = {isa = PBXBuildFile; fileRef = D5B8C5B51BFDACC9000A48BB /* animals.json */; };
		D5B8C5BC1BFDAF19000A48BB /* animals.plist in Resources */ = {isa = PBXBuildFile; fileRef = D5B8C5B71BFDAE17000A48BB /* animals.plist */; };
		DB8422CB2F934025E7939D3B /* Pods_DataStoreKit_Tests.framework in Frameworks */ = {isa = PBXBuildFile; fileRef = 4B6D79CF11E7EDDF00D37A7C /* Pods_DataStoreKit_Tests.framework */; settings = {ATTRIBUTES = (Weak, ); }; };
/* End PBXBuildFile section */

/* Begin PBXContainerItemProxy section */
		607FACE61AFB9204008FA782 /* PBXContainerItemProxy */ = {
			isa = PBXContainerItemProxy;
			containerPortal = 607FACC81AFB9204008FA782 /* Project object */;
			proxyType = 1;
			remoteGlobalIDString = 607FACCF1AFB9204008FA782;
			remoteInfo = DataStoreKit;
		};
/* End PBXContainerItemProxy section */

/* Begin PBXFileReference section */
		322A1D2916E926893B7EB317 /* Pods-DataStoreKit_Tests.debug.xcconfig */ = {isa = PBXFileReference; includeInIndex = 1; lastKnownFileType = text.xcconfig; name = "Pods-DataStoreKit_Tests.debug.xcconfig"; path = "Pods/Target Support Files/Pods-DataStoreKit_Tests/Pods-DataStoreKit_Tests.debug.xcconfig"; sourceTree = "<group>"; };
		4B6D79CF11E7EDDF00D37A7C /* Pods_DataStoreKit_Tests.framework */ = {isa = PBXFileReference; explicitFileType = wrapper.framework; includeInIndex = 0; path = Pods_DataStoreKit_Tests.framework; sourceTree = BUILT_PRODUCTS_DIR; };
		607FACD01AFB9204008FA782 /* DataStoreKit_Example.app */ = {isa = PBXFileReference; explicitFileType = wrapper.application; includeInIndex = 0; path = DataStoreKit_Example.app; sourceTree = BUILT_PRODUCTS_DIR; };
		607FACD41AFB9204008FA782 /* Info.plist */ = {isa = PBXFileReference; lastKnownFileType = text.plist.xml; path = Info.plist; sourceTree = "<group>"; };
		607FACD51AFB9204008FA782 /* AppDelegate.swift */ = {isa = PBXFileReference; lastKnownFileType = sourcecode.swift; path = AppDelegate.swift; sourceTree = "<group>"; };
		607FACD71AFB9204008FA782 /* ViewController.swift */ = {isa = PBXFileReference; lastKnownFileType = sourcecode.swift; path = ViewController.swift; sourceTree = "<group>"; };
		607FACDA1AFB9204008FA782 /* Base */ = {isa = PBXFileReference; lastKnownFileType = file.storyboard; name = Base; path = Base.lproj/Main.storyboard; sourceTree = "<group>"; };
		607FACDC1AFB9204008FA782 /* Images.xcassets */ = {isa = PBXFileReference; lastKnownFileType = folder.assetcatalog; path = Images.xcassets; sourceTree = "<group>"; };
		607FACDF1AFB9204008FA782 /* Base */ = {isa = PBXFileReference; lastKnownFileType = file.xib; name = Base; path = Base.lproj/LaunchScreen.xib; sourceTree = "<group>"; };
		607FACE51AFB9204008FA782 /* DataStoreKit_Tests.xctest */ = {isa = PBXFileReference; explicitFileType = wrapper.cfbundle; includeInIndex = 0; path = DataStoreKit_Tests.xctest; sourceTree = BUILT_PRODUCTS_DIR; };
		607FACEA1AFB9204008FA782 /* Info.plist */ = {isa = PBXFileReference; lastKnownFileType = text.plist.xml; path = Info.plist; sourceTree = "<group>"; };
		62EC7BCD8ACA19CA2614AEC0 /* LICENSE */ = {isa = PBXFileReference; includeInIndex = 1; lastKnownFileType = text; name = LICENSE; path = ../LICENSE; sourceTree = "<group>"; };
		750DAFB5559CBE95671DB3E1 /* Pods_DataStoreKit_Example.framework */ = {isa = PBXFileReference; explicitFileType = wrapper.framework; includeInIndex = 0; path = Pods_DataStoreKit_Example.framework; sourceTree = BUILT_PRODUCTS_DIR; };
		8E3CAAEF49289091DE550611 /* DataStoreKit.podspec */ = {isa = PBXFileReference; includeInIndex = 1; lastKnownFileType = text; name = DataStoreKit.podspec; path = ../DataStoreKit.podspec; sourceTree = "<group>"; };
		986A0EC1F0B7F6995F12770A /* Pods-DataStoreKit_Example.debug.xcconfig */ = {isa = PBXFileReference; includeInIndex = 1; lastKnownFileType = text.xcconfig; name = "Pods-DataStoreKit_Example.debug.xcconfig"; path = "Pods/Target Support Files/Pods-DataStoreKit_Example/Pods-DataStoreKit_Example.debug.xcconfig"; sourceTree = "<group>"; };
		9969EC2F30F2776FF1530277 /* README.md */ = {isa = PBXFileReference; includeInIndex = 1; lastKnownFileType = net.daringfireball.markdown; name = README.md; path = ../README.md; sourceTree = "<group>"; };
		D534D8561BECAFAF005E3C71 /* UserDefaultStoreTests.swift */ = {isa = PBXFileReference; fileEncoding = 4; lastKnownFileType = sourcecode.swift; path = UserDefaultStoreTests.swift; sourceTree = "<group>"; };
		D59FD6EE1BA2D4C20074B6BB /* CacheEntry.swift */ = {isa = PBXFileReference; fileEncoding = 4; lastKnownFileType = sourcecode.swift; path = CacheEntry.swift; sourceTree = "<group>"; };
		D59FD6EF1BA2D4C20074B6BB /* CoreDataStoreTests.swift */ = {isa = PBXFileReference; fileEncoding = 4; lastKnownFileType = sourcecode.swift; path = CoreDataStoreTests.swift; sourceTree = "<group>"; };
		D59FD6F01BA2D4C20074B6BB /* DataStoreKitTests.swift */ = {isa = PBXFileReference; fileEncoding = 4; lastKnownFileType = sourcecode.swift; path = DataStoreKitTests.swift; sourceTree = "<group>"; };
		D59FD6F11BA2D4C20074B6BB /* Message.swift */ = {isa = PBXFileReference; fileEncoding = 4; lastKnownFileType = sourcecode.swift; path = Message.swift; sourceTree = "<group>"; };
		D59FD6F31BA2D4C20074B6BB /* TestRestify.swift */ = {isa = PBXFileReference; fileEncoding = 4; lastKnownFileType = sourcecode.swift; path = TestRestify.swift; sourceTree = "<group>"; };
		D59FD6F61BA2D4C20074B6BB /* TestSample.xcdatamodel */ = {isa = PBXFileReference; lastKnownFileType = wrapper.xcdatamodel; path = TestSample.xcdatamodel; sourceTree = "<group>"; };
		D59FD7071BA2D6450074B6BB /* CoreData.framework */ = {isa = PBXFileReference; lastKnownFileType = wrapper.framework; name = CoreData.framework; path = System/Library/Frameworks/CoreData.framework; sourceTree = SDKROOT; };
		D5B8C5B31BFDACA7000A48BB /* FileModelTests.swift */ = {isa = PBXFileReference; fileEncoding = 4; lastKnownFileType = sourcecode.swift; path = FileModelTests.swift; sourceTree = "<group>"; };
		D5B8C5B51BFDACC9000A48BB /* animals.json */ = {isa = PBXFileReference; fileEncoding = 4; lastKnownFileType = text.json; path = animals.json; sourceTree = "<group>"; };
		D5B8C5B71BFDAE17000A48BB /* animals.plist */ = {isa = PBXFileReference; fileEncoding = 4; lastKnownFileType = text.plist.xml; path = animals.plist; sourceTree = "<group>"; };
		F78718E402FE302F7AE325BD /* Pods-DataStoreKit_Tests.release.xcconfig */ = {isa = PBXFileReference; includeInIndex = 1; lastKnownFileType = text.xcconfig; name = "Pods-DataStoreKit_Tests.release.xcconfig"; path = "Pods/Target Support Files/Pods-DataStoreKit_Tests/Pods-DataStoreKit_Tests.release.xcconfig"; sourceTree = "<group>"; };
		FD12141A2705AEE0A2155832 /* Pods-DataStoreKit_Example.release.xcconfig */ = {isa = PBXFileReference; includeInIndex = 1; lastKnownFileType = text.xcconfig; name = "Pods-DataStoreKit_Example.release.xcconfig"; path = "Pods/Target Support Files/Pods-DataStoreKit_Example/Pods-DataStoreKit_Example.release.xcconfig"; sourceTree = "<group>"; };
/* End PBXFileReference section */

/* Begin PBXFrameworksBuildPhase section */
		607FACCD1AFB9204008FA782 /* Frameworks */ = {
			isa = PBXFrameworksBuildPhase;
			buildActionMask = 2147483647;
			files = (
				86E9852AF0528AF6078F040B /* Pods_DataStoreKit_Example.framework in Frameworks */,
			);
			runOnlyForDeploymentPostprocessing = 0;
		};
		607FACE21AFB9204008FA782 /* Frameworks */ = {
			isa = PBXFrameworksBuildPhase;
			buildActionMask = 2147483647;
			files = (
				D59FD7081BA2D6450074B6BB /* CoreData.framework in Frameworks */,
				DB8422CB2F934025E7939D3B /* Pods_DataStoreKit_Tests.framework in Frameworks */,
			);
			runOnlyForDeploymentPostprocessing = 0;
		};
/* End PBXFrameworksBuildPhase section */

/* Begin PBXGroup section */
		2BD167E770D6D053E360BFB0 /* Pods */ = {
			isa = PBXGroup;
			children = (
				986A0EC1F0B7F6995F12770A /* Pods-DataStoreKit_Example.debug.xcconfig */,
				FD12141A2705AEE0A2155832 /* Pods-DataStoreKit_Example.release.xcconfig */,
				322A1D2916E926893B7EB317 /* Pods-DataStoreKit_Tests.debug.xcconfig */,
				F78718E402FE302F7AE325BD /* Pods-DataStoreKit_Tests.release.xcconfig */,
			);
			name = Pods;
			sourceTree = "<group>";
		};
		607FACC71AFB9204008FA782 = {
			isa = PBXGroup;
			children = (
				607FACF51AFB993E008FA782 /* Podspec Metadata */,
				607FACD21AFB9204008FA782 /* Example for DataStoreKit */,
				607FACE81AFB9204008FA782 /* Tests */,
				607FACD11AFB9204008FA782 /* Products */,
				2BD167E770D6D053E360BFB0 /* Pods */,
				E1B823EACC68A03579E90BB8 /* Frameworks */,
			);
			sourceTree = "<group>";
		};
		607FACD11AFB9204008FA782 /* Products */ = {
			isa = PBXGroup;
			children = (
				607FACD01AFB9204008FA782 /* DataStoreKit_Example.app */,
				607FACE51AFB9204008FA782 /* DataStoreKit_Tests.xctest */,
			);
			name = Products;
			sourceTree = "<group>";
		};
		607FACD21AFB9204008FA782 /* Example for DataStoreKit */ = {
			isa = PBXGroup;
			children = (
				607FACD51AFB9204008FA782 /* AppDelegate.swift */,
				607FACD71AFB9204008FA782 /* ViewController.swift */,
				607FACD91AFB9204008FA782 /* Main.storyboard */,
				607FACDC1AFB9204008FA782 /* Images.xcassets */,
				607FACDE1AFB9204008FA782 /* LaunchScreen.xib */,
				607FACD31AFB9204008FA782 /* Supporting Files */,
			);
			name = "Example for DataStoreKit";
			path = DataStoreKit;
			sourceTree = "<group>";
		};
		607FACD31AFB9204008FA782 /* Supporting Files */ = {
			isa = PBXGroup;
			children = (
				607FACD41AFB9204008FA782 /* Info.plist */,
			);
			name = "Supporting Files";
			sourceTree = "<group>";
		};
		607FACE81AFB9204008FA782 /* Tests */ = {
			isa = PBXGroup;
			children = (
				D59FD6EE1BA2D4C20074B6BB /* CacheEntry.swift */,
				D59FD6EF1BA2D4C20074B6BB /* CoreDataStoreTests.swift */,
				D59FD6F01BA2D4C20074B6BB /* DataStoreKitTests.swift */,
				D59FD6F11BA2D4C20074B6BB /* Message.swift */,
				D59FD6F31BA2D4C20074B6BB /* TestRestify.swift */,
				D59FD6F51BA2D4C20074B6BB /* TestSample.xcdatamodeld */,
				607FACE91AFB9204008FA782 /* Supporting Files */,
				D534D8561BECAFAF005E3C71 /* UserDefaultStoreTests.swift */,
				D5B8C5B31BFDACA7000A48BB /* FileModelTests.swift */,
				D5B8C5B51BFDACC9000A48BB /* animals.json */,
				D5B8C5B71BFDAE17000A48BB /* animals.plist */,
			);
			path = Tests;
			sourceTree = "<group>";
		};
		607FACE91AFB9204008FA782 /* Supporting Files */ = {
			isa = PBXGroup;
			children = (
				607FACEA1AFB9204008FA782 /* Info.plist */,
			);
			name = "Supporting Files";
			sourceTree = "<group>";
		};
		607FACF51AFB993E008FA782 /* Podspec Metadata */ = {
			isa = PBXGroup;
			children = (
				8E3CAAEF49289091DE550611 /* DataStoreKit.podspec */,
				9969EC2F30F2776FF1530277 /* README.md */,
				62EC7BCD8ACA19CA2614AEC0 /* LICENSE */,
			);
			name = "Podspec Metadata";
			sourceTree = "<group>";
		};
		E1B823EACC68A03579E90BB8 /* Frameworks */ = {
			isa = PBXGroup;
			children = (
				D59FD7071BA2D6450074B6BB /* CoreData.framework */,
				750DAFB5559CBE95671DB3E1 /* Pods_DataStoreKit_Example.framework */,
				4B6D79CF11E7EDDF00D37A7C /* Pods_DataStoreKit_Tests.framework */,
			);
			name = Frameworks;
			sourceTree = "<group>";
		};
/* End PBXGroup section */

/* Begin PBXNativeTarget section */
		607FACCF1AFB9204008FA782 /* DataStoreKit_Example */ = {
			isa = PBXNativeTarget;
			buildConfigurationList = 607FACEF1AFB9204008FA782 /* Build configuration list for PBXNativeTarget "DataStoreKit_Example" */;
			buildPhases = (
				880733148B0E3FA37A060566 /* Check Pods Manifest.lock */,
				607FACCC1AFB9204008FA782 /* Sources */,
				607FACCD1AFB9204008FA782 /* Frameworks */,
				607FACCE1AFB9204008FA782 /* Resources */,
				850507E099E4681A24CFE6A7 /* Embed Pods Frameworks */,
				861A70B7C3C112B8B7358A7A /* Copy Pods Resources */,
			);
			buildRules = (
			);
			dependencies = (
			);
			name = DataStoreKit_Example;
			productName = DataStoreKit;
			productReference = 607FACD01AFB9204008FA782 /* DataStoreKit_Example.app */;
			productType = "com.apple.product-type.application";
		};
		607FACE41AFB9204008FA782 /* DataStoreKit_Tests */ = {
			isa = PBXNativeTarget;
			buildConfigurationList = 607FACF21AFB9204008FA782 /* Build configuration list for PBXNativeTarget "DataStoreKit_Tests" */;
			buildPhases = (
				12173680F9F844E0F69F4380 /* Check Pods Manifest.lock */,
				607FACE11AFB9204008FA782 /* Sources */,
				607FACE21AFB9204008FA782 /* Frameworks */,
				607FACE31AFB9204008FA782 /* Resources */,
				349D57F1D3C0F6BD66A40EFA /* Embed Pods Frameworks */,
				86FC73E32D2C5D32F6B23B03 /* Copy Pods Resources */,
			);
			buildRules = (
			);
			dependencies = (
				607FACE71AFB9204008FA782 /* PBXTargetDependency */,
			);
			name = DataStoreKit_Tests;
			productName = Tests;
			productReference = 607FACE51AFB9204008FA782 /* DataStoreKit_Tests.xctest */;
			productType = "com.apple.product-type.bundle.unit-test";
		};
/* End PBXNativeTarget section */

/* Begin PBXProject section */
		607FACC81AFB9204008FA782 /* Project object */ = {
			isa = PBXProject;
			attributes = {
				LastSwiftMigration = 0700;
				LastSwiftUpdateCheck = 0700;
				LastUpgradeCheck = 0700;
				ORGANIZATIONNAME = CocoaPods;
				TargetAttributes = {
					607FACCF1AFB9204008FA782 = {
						CreatedOnToolsVersion = 6.3.1;
					};
					607FACE41AFB9204008FA782 = {
						CreatedOnToolsVersion = 6.3.1;
						TestTargetID = 607FACCF1AFB9204008FA782;
					};
				};
			};
			buildConfigurationList = 607FACCB1AFB9204008FA782 /* Build configuration list for PBXProject "DataStoreKit" */;
			compatibilityVersion = "Xcode 3.2";
			developmentRegion = English;
			hasScannedForEncodings = 0;
			knownRegions = (
				en,
				Base,
			);
			mainGroup = 607FACC71AFB9204008FA782;
			productRefGroup = 607FACD11AFB9204008FA782 /* Products */;
			projectDirPath = "";
			projectRoot = "";
			targets = (
				607FACCF1AFB9204008FA782 /* DataStoreKit_Example */,
				607FACE41AFB9204008FA782 /* DataStoreKit_Tests */,
			);
		};
/* End PBXProject section */

/* Begin PBXResourcesBuildPhase section */
		607FACCE1AFB9204008FA782 /* Resources */ = {
			isa = PBXResourcesBuildPhase;
			buildActionMask = 2147483647;
			files = (
				607FACDB1AFB9204008FA782 /* Main.storyboard in Resources */,
				D5B8C5BC1BFDAF19000A48BB /* animals.plist in Resources */,
				D5B8C5BB1BFDAF17000A48BB /* animals.json in Resources */,
				607FACE01AFB9204008FA782 /* LaunchScreen.xib in Resources */,
				607FACDD1AFB9204008FA782 /* Images.xcassets in Resources */,
			);
			runOnlyForDeploymentPostprocessing = 0;
		};
		607FACE31AFB9204008FA782 /* Resources */ = {
			isa = PBXResourcesBuildPhase;
			buildActionMask = 2147483647;
			files = (
				D5B8C5B91BFDAE1E000A48BB /* animals.json in Resources */,
				D5B8C5B81BFDAE17000A48BB /* animals.plist in Resources */,
				D59FD7061BA2D6070074B6BB /* TestSample.xcdatamodeld in Resources */,
			);
			runOnlyForDeploymentPostprocessing = 0;
		};
/* End PBXResourcesBuildPhase section */

/* Begin PBXShellScriptBuildPhase section */
		12173680F9F844E0F69F4380 /* Check Pods Manifest.lock */ = {
			isa = PBXShellScriptBuildPhase;
			buildActionMask = 2147483647;
			files = (
			);
			inputPaths = (
			);
			name = "Check Pods Manifest.lock";
			outputPaths = (
			);
			runOnlyForDeploymentPostprocessing = 0;
			shellPath = /bin/sh;
			shellScript = "diff \"${PODS_ROOT}/../Podfile.lock\" \"${PODS_ROOT}/Manifest.lock\" > /dev/null\nif [[ $? != 0 ]] ; then\n    cat << EOM\nerror: The sandbox is not in sync with the Podfile.lock. Run 'pod install' or update your CocoaPods installation.\nEOM\n    exit 1\nfi\n";
			showEnvVarsInLog = 0;
		};
		349D57F1D3C0F6BD66A40EFA /* Embed Pods Frameworks */ = {
			isa = PBXShellScriptBuildPhase;
			buildActionMask = 2147483647;
			files = (
			);
			inputPaths = (
			);
			name = "Embed Pods Frameworks";
			outputPaths = (
			);
			runOnlyForDeploymentPostprocessing = 0;
			shellPath = /bin/sh;
			shellScript = "\"${SRCROOT}/Pods/Target Support Files/Pods-DataStoreKit_Tests/Pods-DataStoreKit_Tests-frameworks.sh\"\n";
			showEnvVarsInLog = 0;
		};
		850507E099E4681A24CFE6A7 /* Embed Pods Frameworks */ = {
			isa = PBXShellScriptBuildPhase;
			buildActionMask = 2147483647;
			files = (
			);
			inputPaths = (
			);
			name = "Embed Pods Frameworks";
			outputPaths = (
			);
			runOnlyForDeploymentPostprocessing = 0;
			shellPath = /bin/sh;
			shellScript = "\"${SRCROOT}/Pods/Target Support Files/Pods-DataStoreKit_Example/Pods-DataStoreKit_Example-frameworks.sh\"\n";
			showEnvVarsInLog = 0;
		};
		861A70B7C3C112B8B7358A7A /* Copy Pods Resources */ = {
			isa = PBXShellScriptBuildPhase;
			buildActionMask = 2147483647;
			files = (
			);
			inputPaths = (
			);
			name = "Copy Pods Resources";
			outputPaths = (
			);
			runOnlyForDeploymentPostprocessing = 0;
			shellPath = /bin/sh;
			shellScript = "\"${SRCROOT}/Pods/Target Support Files/Pods-DataStoreKit_Example/Pods-DataStoreKit_Example-resources.sh\"\n";
			showEnvVarsInLog = 0;
		};
		86FC73E32D2C5D32F6B23B03 /* Copy Pods Resources */ = {
			isa = PBXShellScriptBuildPhase;
			buildActionMask = 2147483647;
			files = (
			);
			inputPaths = (
			);
			name = "Copy Pods Resources";
			outputPaths = (
			);
			runOnlyForDeploymentPostprocessing = 0;
			shellPath = /bin/sh;
			shellScript = "\"${SRCROOT}/Pods/Target Support Files/Pods-DataStoreKit_Tests/Pods-DataStoreKit_Tests-resources.sh\"\n";
			showEnvVarsInLog = 0;
		};
		880733148B0E3FA37A060566 /* Check Pods Manifest.lock */ = {
			isa = PBXShellScriptBuildPhase;
			buildActionMask = 2147483647;
			files = (
			);
			inputPaths = (
			);
			name = "Check Pods Manifest.lock";
			outputPaths = (
			);
			runOnlyForDeploymentPostprocessing = 0;
			shellPath = /bin/sh;
			shellScript = "diff \"${PODS_ROOT}/../Podfile.lock\" \"${PODS_ROOT}/Manifest.lock\" > /dev/null\nif [[ $? != 0 ]] ; then\n    cat << EOM\nerror: The sandbox is not in sync with the Podfile.lock. Run 'pod install' or update your CocoaPods installation.\nEOM\n    exit 1\nfi\n";
			showEnvVarsInLog = 0;
		};
/* End PBXShellScriptBuildPhase section */

/* Begin PBXSourcesBuildPhase section */
		607FACCC1AFB9204008FA782 /* Sources */ = {
			isa = PBXSourcesBuildPhase;
			buildActionMask = 2147483647;
			files = (
				607FACD81AFB9204008FA782 /* ViewController.swift in Sources */,
				607FACD61AFB9204008FA782 /* AppDelegate.swift in Sources */,
				D59FD6FA1BA2D4C20074B6BB /* Message.swift in Sources */,
				D59FD6F71BA2D4C20074B6BB /* CacheEntry.swift in Sources */,
				D59FD6FE1BA2D4C20074B6BB /* TestSample.xcdatamodeld in Sources */,
			);
			runOnlyForDeploymentPostprocessing = 0;
		};
		607FACE11AFB9204008FA782 /* Sources */ = {
			isa = PBXSourcesBuildPhase;
			buildActionMask = 2147483647;
			files = (
				D59FD7041BA2D4FF0074B6BB /* TestRestify.swift in Sources */,
				D59FD7001BA2D4F40074B6BB /* CoreDataStoreTests.swift in Sources */,
				D59FD7021BA2D4F90074B6BB /* Message.swift in Sources */,
				D5B8C5B41BFDACA7000A48BB /* FileModelTests.swift in Sources */,
				D59FD7011BA2D4F70074B6BB /* DataStoreKitTests.swift in Sources */,
				D534D8571BECAFAF005E3C71 /* UserDefaultStoreTests.swift in Sources */,
				D59FD6FF1BA2D4F00074B6BB /* CacheEntry.swift in Sources */,
				D59FD7051BA2D5020074B6BB /* TestSample.xcdatamodeld in Sources */,
			);
			runOnlyForDeploymentPostprocessing = 0;
		};
/* End PBXSourcesBuildPhase section */

/* Begin PBXTargetDependency section */
		607FACE71AFB9204008FA782 /* PBXTargetDependency */ = {
			isa = PBXTargetDependency;
			target = 607FACCF1AFB9204008FA782 /* DataStoreKit_Example */;
			targetProxy = 607FACE61AFB9204008FA782 /* PBXContainerItemProxy */;
		};
/* End PBXTargetDependency section */

/* Begin PBXVariantGroup section */
		607FACD91AFB9204008FA782 /* Main.storyboard */ = {
			isa = PBXVariantGroup;
			children = (
				607FACDA1AFB9204008FA782 /* Base */,
			);
			name = Main.storyboard;
			sourceTree = "<group>";
		};
		607FACDE1AFB9204008FA782 /* LaunchScreen.xib */ = {
			isa = PBXVariantGroup;
			children = (
				607FACDF1AFB9204008FA782 /* Base */,
			);
			name = LaunchScreen.xib;
			sourceTree = "<group>";
		};
/* End PBXVariantGroup section */

/* Begin XCBuildConfiguration section */
		607FACED1AFB9204008FA782 /* Debug */ = {
			isa = XCBuildConfiguration;
			buildSettings = {
				ALWAYS_SEARCH_USER_PATHS = NO;
				CLANG_CXX_LANGUAGE_STANDARD = "gnu++0x";
				CLANG_CXX_LIBRARY = "libc++";
				CLANG_ENABLE_MODULES = YES;
				CLANG_ENABLE_OBJC_ARC = YES;
				CLANG_WARN_BOOL_CONVERSION = YES;
				CLANG_WARN_CONSTANT_CONVERSION = YES;
				CLANG_WARN_DIRECT_OBJC_ISA_USAGE = YES_ERROR;
				CLANG_WARN_EMPTY_BODY = YES;
				CLANG_WARN_ENUM_CONVERSION = YES;
				CLANG_WARN_INT_CONVERSION = YES;
				CLANG_WARN_OBJC_ROOT_CLASS = YES_ERROR;
				CLANG_WARN_UNREACHABLE_CODE = YES;
				CLANG_WARN__DUPLICATE_METHOD_MATCH = YES;
				"CODE_SIGN_IDENTITY[sdk=iphoneos*]" = "iPhone Developer";
				COPY_PHASE_STRIP = NO;
				DEBUG_INFORMATION_FORMAT = "dwarf-with-dsym";
				ENABLE_STRICT_OBJC_MSGSEND = YES;
				ENABLE_TESTABILITY = YES;
				GCC_C_LANGUAGE_STANDARD = gnu99;
				GCC_DYNAMIC_NO_PIC = NO;
				GCC_NO_COMMON_BLOCKS = YES;
				GCC_OPTIMIZATION_LEVEL = 0;
				GCC_PREPROCESSOR_DEFINITIONS = (
					"DEBUG=1",
					"$(inherited)",
				);
				GCC_SYMBOLS_PRIVATE_EXTERN = NO;
				GCC_WARN_64_TO_32_BIT_CONVERSION = YES;
				GCC_WARN_ABOUT_RETURN_TYPE = YES_ERROR;
				GCC_WARN_UNDECLARED_SELECTOR = YES;
				GCC_WARN_UNINITIALIZED_AUTOS = YES_AGGRESSIVE;
				GCC_WARN_UNUSED_FUNCTION = YES;
				GCC_WARN_UNUSED_VARIABLE = YES;
				IPHONEOS_DEPLOYMENT_TARGET = 8.0;
				MTL_ENABLE_DEBUG_INFO = YES;
				ONLY_ACTIVE_ARCH = YES;
				SDKROOT = iphoneos;
				SWIFT_OPTIMIZATION_LEVEL = "-Onone";
			};
			name = Debug;
		};
		607FACEE1AFB9204008FA782 /* Release */ = {
			isa = XCBuildConfiguration;
			buildSettings = {
				ALWAYS_SEARCH_USER_PATHS = NO;
				CLANG_CXX_LANGUAGE_STANDARD = "gnu++0x";
				CLANG_CXX_LIBRARY = "libc++";
				CLANG_ENABLE_MODULES = YES;
				CLANG_ENABLE_OBJC_ARC = YES;
				CLANG_WARN_BOOL_CONVERSION = YES;
				CLANG_WARN_CONSTANT_CONVERSION = YES;
				CLANG_WARN_DIRECT_OBJC_ISA_USAGE = YES_ERROR;
				CLANG_WARN_EMPTY_BODY = YES;
				CLANG_WARN_ENUM_CONVERSION = YES;
				CLANG_WARN_INT_CONVERSION = YES;
				CLANG_WARN_OBJC_ROOT_CLASS = YES_ERROR;
				CLANG_WARN_UNREACHABLE_CODE = YES;
				CLANG_WARN__DUPLICATE_METHOD_MATCH = YES;
				"CODE_SIGN_IDENTITY[sdk=iphoneos*]" = "iPhone Developer";
				COPY_PHASE_STRIP = NO;
				DEBUG_INFORMATION_FORMAT = "dwarf-with-dsym";
				ENABLE_NS_ASSERTIONS = NO;
				ENABLE_STRICT_OBJC_MSGSEND = YES;
				GCC_C_LANGUAGE_STANDARD = gnu99;
				GCC_NO_COMMON_BLOCKS = YES;
				GCC_WARN_64_TO_32_BIT_CONVERSION = YES;
				GCC_WARN_ABOUT_RETURN_TYPE = YES_ERROR;
				GCC_WARN_UNDECLARED_SELECTOR = YES;
				GCC_WARN_UNINITIALIZED_AUTOS = YES_AGGRESSIVE;
				GCC_WARN_UNUSED_FUNCTION = YES;
				GCC_WARN_UNUSED_VARIABLE = YES;
				IPHONEOS_DEPLOYMENT_TARGET = 8.0;
				MTL_ENABLE_DEBUG_INFO = NO;
				SDKROOT = iphoneos;
				VALIDATE_PRODUCT = YES;
			};
			name = Release;
		};
		607FACF01AFB9204008FA782 /* Debug */ = {
			isa = XCBuildConfiguration;
			baseConfigurationReference = 986A0EC1F0B7F6995F12770A /* Pods-DataStoreKit_Example.debug.xcconfig */;
			buildSettings = {
				ASSETCATALOG_COMPILER_APPICON_NAME = AppIcon;
				INFOPLIST_FILE = DataStoreKit/Info.plist;
				LD_RUNPATH_SEARCH_PATHS = "$(inherited) @executable_path/Frameworks";
				MODULE_NAME = ExampleApp;
				PRODUCT_BUNDLE_IDENTIFIER = "org.cocoapods.demo.$(PRODUCT_NAME:rfc1034identifier)";
				PRODUCT_NAME = "$(TARGET_NAME)";
			};
			name = Debug;
		};
		607FACF11AFB9204008FA782 /* Release */ = {
			isa = XCBuildConfiguration;
			baseConfigurationReference = FD12141A2705AEE0A2155832 /* Pods-DataStoreKit_Example.release.xcconfig */;
			buildSettings = {
				ASSETCATALOG_COMPILER_APPICON_NAME = AppIcon;
				INFOPLIST_FILE = DataStoreKit/Info.plist;
				LD_RUNPATH_SEARCH_PATHS = "$(inherited) @executable_path/Frameworks";
				MODULE_NAME = ExampleApp;
				PRODUCT_BUNDLE_IDENTIFIER = "org.cocoapods.demo.$(PRODUCT_NAME:rfc1034identifier)";
				PRODUCT_NAME = "$(TARGET_NAME)";
			};
			name = Release;
		};
		607FACF31AFB9204008FA782 /* Debug */ = {
			isa = XCBuildConfiguration;
			baseConfigurationReference = 322A1D2916E926893B7EB317 /* Pods-DataStoreKit_Tests.debug.xcconfig */;
			buildSettings = {
				BUNDLE_LOADER = "$(TEST_HOST)";
				FRAMEWORK_SEARCH_PATHS = (
					"$(SDKROOT)/Developer/Library/Frameworks",
					"$(inherited)",
				);
				GCC_PREPROCESSOR_DEFINITIONS = (
					"DEBUG=1",
					"$(inherited)",
				);
				INFOPLIST_FILE = Tests/Info.plist;
				LD_RUNPATH_SEARCH_PATHS = "$(inherited) @executable_path/Frameworks @loader_path/Frameworks";
				PRODUCT_BUNDLE_IDENTIFIER = "org.cocoapods.$(PRODUCT_NAME:rfc1034identifier)";
				PRODUCT_NAME = "$(TARGET_NAME)";
				TEST_HOST = "$(BUILT_PRODUCTS_DIR)/DataStoreKit_Example.app/DataStoreKit_Example";
			};
			name = Debug;
		};
		607FACF41AFB9204008FA782 /* Release */ = {
			isa = XCBuildConfiguration;
			baseConfigurationReference = F78718E402FE302F7AE325BD /* Pods-DataStoreKit_Tests.release.xcconfig */;
			buildSettings = {
				BUNDLE_LOADER = "$(TEST_HOST)";
				FRAMEWORK_SEARCH_PATHS = (
					"$(SDKROOT)/Developer/Library/Frameworks",
					"$(inherited)",
				);
				INFOPLIST_FILE = Tests/Info.plist;
				LD_RUNPATH_SEARCH_PATHS = "$(inherited) @executable_path/Frameworks @loader_path/Frameworks";
				PRODUCT_BUNDLE_IDENTIFIER = "org.cocoapods.$(PRODUCT_NAME:rfc1034identifier)";
				PRODUCT_NAME = "$(TARGET_NAME)";
				TEST_HOST = "$(BUILT_PRODUCTS_DIR)/DataStoreKit_Example.app/DataStoreKit_Example";
			};
			name = Release;
		};
/* End XCBuildConfiguration section */

/* Begin XCConfigurationList section */
		607FACCB1AFB9204008FA782 /* Build configuration list for PBXProject "DataStoreKit" */ = {
			isa = XCConfigurationList;
			buildConfigurations = (
				607FACED1AFB9204008FA782 /* Debug */,
				607FACEE1AFB9204008FA782 /* Release */,
			);
			defaultConfigurationIsVisible = 0;
			defaultConfigurationName = Release;
		};
		607FACEF1AFB9204008FA782 /* Build configuration list for PBXNativeTarget "DataStoreKit_Example" */ = {
			isa = XCConfigurationList;
			buildConfigurations = (
				607FACF01AFB9204008FA782 /* Debug */,
				607FACF11AFB9204008FA782 /* Release */,
			);
			defaultConfigurationIsVisible = 0;
			defaultConfigurationName = Release;
		};
		607FACF21AFB9204008FA782 /* Build configuration list for PBXNativeTarget "DataStoreKit_Tests" */ = {
			isa = XCConfigurationList;
			buildConfigurations = (
				607FACF31AFB9204008FA782 /* Debug */,
				607FACF41AFB9204008FA782 /* Release */,
			);
			defaultConfigurationIsVisible = 0;
			defaultConfigurationName = Release;
		};
/* End XCConfigurationList section */

/* Begin XCVersionGroup section */
		D59FD6F51BA2D4C20074B6BB /* TestSample.xcdatamodeld */ = {
			isa = XCVersionGroup;
			children = (
				D59FD6F61BA2D4C20074B6BB /* TestSample.xcdatamodel */,
			);
			currentVersion = D59FD6F61BA2D4C20074B6BB /* TestSample.xcdatamodel */;
			path = TestSample.xcdatamodeld;
			sourceTree = "<group>";
			versionGroupType = wrapper.xcdatamodel;
		};
/* End XCVersionGroup section */
	};
	rootObject = 607FACC81AFB9204008FA782 /* Project object */;
}
